<?xml version="1.0" encoding="utf-8"?>
<Project ToolsVersion="4.0" xmlns="http://schemas.microsoft.com/developer/msbuild/2003">
  <ItemGroup>
    <Filter Include="Generated Files">
      <UniqueIdentifier>{71ED8ED8-ACB9-4CE9-BBE1-E00B30144E11}</UniqueIdentifier>
      <Extensions>cpp;c;cxx;moc;h;def;odl;idl;res;</Extensions>
    </Filter>
    <Filter Include="Generated Files">
      <UniqueIdentifier>{71ED8ED8-ACB9-4CE9-BBE1-E00B30144E11}</UniqueIdentifier>
      <Extensions>cpp;c;cxx;moc;h;def;odl;idl;res;</Extensions>
    </Filter>
    <Filter Include="Header Files">
      <UniqueIdentifier>{93995380-89BD-4b04-88EB-625FBE52EBFB}</UniqueIdentifier>
      <Extensions>h;hpp;hxx;hm;inl;inc;xsd</Extensions>
    </Filter>
    <Filter Include="Header Files">
      <UniqueIdentifier>{93995380-89BD-4b04-88EB-625FBE52EBFB}</UniqueIdentifier>
      <Extensions>h;hpp;hxx;hm;inl;inc;xsd</Extensions>
    </Filter>
    <Filter Include="Source Files">
      <UniqueIdentifier>{4FC737F1-C7A5-4376-A066-2A32D752A2FF}</UniqueIdentifier>
      <Extensions>cpp;c;cxx;def;odl;idl;hpj;bat;asm;asmx</Extensions>
    </Filter>
    <Filter Include="Source Files">
      <UniqueIdentifier>{4FC737F1-C7A5-4376-A066-2A32D752A2FF}</UniqueIdentifier>
      <Extensions>cpp;c;cxx;def;odl;idl;hpj;bat;asm;asmx</Extensions>
    </Filter>
    <Filter Include="Generated Files\Debug">
      <UniqueIdentifier>{be5b8342-8fef-4fdd-a5cd-136868f5ac36}</UniqueIdentifier>
      <Extensions>cpp;moc</Extensions>
      <SourceControlFiles>False</SourceControlFiles>
    </Filter>
    <Filter Include="Generated Files\Release">
      <UniqueIdentifier>{73fb071b-07b0-49ea-b349-4c6781a1f510}</UniqueIdentifier>
      <Extensions>cpp;moc</Extensions>
      <SourceControlFiles>False</SourceControlFiles>
    </Filter>
  </ItemGroup>
  <ItemGroup>
    <ClCompile Include="quickitems\categories\color\Color.cpp">
      <Filter>Source Files</Filter>
    </ClCompile>
    <ClCompile Include="quickitems\controls\Curve.cpp">
      <Filter>Source Files</Filter>
    </ClCompile>
    <ClCompile Include="quickitems\controls\CurveFunc.cpp">
      <Filter>Source Files</Filter>
    </ClCompile>
    <ClCompile Include="quickitems\categories\Description.cpp">
      <Filter>Source Files</Filter>
    </ClCompile>
    <ClCompile Include="quickitems\categories\enhancement\Enhancement.cpp">
      <Filter>Source Files</Filter>
    </ClCompile>
    <ClCompile Include="quickitems\ExceptionHandler.cpp">
      <Filter>Source Files</Filter>
    </ClCompile>
    <ClCompile Include="quickitems\controls\FileSaveDialog.cpp">
      <Filter>Source Files</Filter>
    </ClCompile>
    <ClCompile Include="quickitems\categories\Filters.cpp">
      <Filter>Source Files</Filter>
    </ClCompile>
    <ClCompile Include="quickitems\categories\Genius.cpp">
      <Filter>Source Files</Filter>
    </ClCompile>
    <ClCompile Include="quickitems\controls\Histogram.cpp">
      <Filter>Source Files</Filter>
    </ClCompile>
    <ClCompile Include="quickitems\ImageManager.cpp">
      <Filter>Source Files</Filter>
    </ClCompile>
    <ClCompile Include="quickitems\controls\ImageMask.cpp">
      <Filter>Source Files</Filter>
    </ClCompile>
    <ClCompile Include="quickitems\ImageProccessor.cpp">
      <Filter>Source Files</Filter>
    </ClCompile>
    <ClCompile Include="quickitems\ImageProvider.cpp">
      <Filter>Source Files</Filter>
    </ClCompile>
    <ClCompile Include="quickitems\categories\ImageTool.cpp">
      <Filter>Source Files</Filter>
    </ClCompile>
    <ClCompile Include="quickitems\categories\color\IntensityColouring.cpp">
      <Filter>Source Files</Filter>
    </ClCompile>
    <ClCompile Include="quickitems\categories\Morphology.cpp">
      <Filter>Source Files</Filter>
    </ClCompile>
    <ClCompile Include="quickitems\categories\Multiresolution.cpp">
      <Filter>Source Files</Filter>
    </ClCompile>
    <ClCompile Include="quickitems\categories\Segmentation.cpp">
      <Filter>Source Files</Filter>
    </ClCompile>
    <ClCompile Include="quickitems\controls\Slipper.cpp">
      <Filter>Source Files</Filter>
    </ClCompile>
    <ClCompile Include="quickitems\controls\StructureElements.cpp">
      <Filter>Source Files</Filter>
    </ClCompile>
    <ClCompile Include="image.cpp">
      <Filter>Source Files</Filter>
    </ClCompile>
    <ClCompile Include="quickitems\photoplugin.cpp">
      <Filter>Source Files</Filter>
    </ClCompile>
    <ClCompile Include="Debug\moc_Color.cpp">
      <Filter>Generated Files\Debug</Filter>
    </ClCompile>
    <ClCompile Include="Release\moc_Color.cpp">
      <Filter>Generated Files\Release</Filter>
    </ClCompile>
    <ClCompile Include="Debug\moc_ContrastStretching.cpp">
      <Filter>Generated Files\Debug</Filter>
    </ClCompile>
    <ClCompile Include="Release\moc_ContrastStretching.cpp">
      <Filter>Generated Files\Release</Filter>
    </ClCompile>
    <ClCompile Include="Debug\moc_Curve.cpp">
      <Filter>Generated Files\Debug</Filter>
    </ClCompile>
    <ClCompile Include="Release\moc_Curve.cpp">
      <Filter>Generated Files\Release</Filter>
    </ClCompile>
    <ClCompile Include="Debug\moc_Description.cpp">
      <Filter>Generated Files\Debug</Filter>
    </ClCompile>
    <ClCompile Include="Release\moc_Description.cpp">
      <Filter>Generated Files\Release</Filter>
    </ClCompile>
    <ClCompile Include="Debug\moc_Enhancement.cpp">
      <Filter>Generated Files\Debug</Filter>
    </ClCompile>
    <ClCompile Include="Release\moc_Enhancement.cpp">
      <Filter>Generated Files\Release</Filter>
    </ClCompile>
    <ClCompile Include="Debug\moc_ExceptionHandler.cpp">
      <Filter>Generated Files\Debug</Filter>
    </ClCompile>
    <ClCompile Include="Release\moc_ExceptionHandler.cpp">
      <Filter>Generated Files\Release</Filter>
    </ClCompile>
    <ClCompile Include="Debug\moc_FileSaveDialog.cpp">
      <Filter>Generated Files\Debug</Filter>
    </ClCompile>
    <ClCompile Include="Release\moc_FileSaveDialog.cpp">
      <Filter>Generated Files\Release</Filter>
    </ClCompile>
    <ClCompile Include="Debug\moc_Filters.cpp">
      <Filter>Generated Files\Debug</Filter>
    </ClCompile>
    <ClCompile Include="Release\moc_Filters.cpp">
      <Filter>Generated Files\Release</Filter>
    </ClCompile>
    <ClCompile Include="Debug\moc_Genius.cpp">
      <Filter>Generated Files\Debug</Filter>
    </ClCompile>
    <ClCompile Include="Release\moc_Genius.cpp">
      <Filter>Generated Files\Release</Filter>
    </ClCompile>
    <ClCompile Include="Debug\moc_Histogram.cpp">
      <Filter>Generated Files\Debug</Filter>
    </ClCompile>
    <ClCompile Include="Release\moc_Histogram.cpp">
      <Filter>Generated Files\Release</Filter>
    </ClCompile>
    <ClCompile Include="Debug\moc_HistogramMatching.cpp">
      <Filter>Generated Files\Debug</Filter>
    </ClCompile>
    <ClCompile Include="Release\moc_HistogramMatching.cpp">
      <Filter>Generated Files\Release</Filter>
    </ClCompile>
    <ClCompile Include="Debug\moc_ImageCurve.cpp">
      <Filter>Generated Files\Debug</Filter>
    </ClCompile>
    <ClCompile Include="Release\moc_ImageCurve.cpp">
      <Filter>Generated Files\Release</Filter>
    </ClCompile>
    <ClCompile Include="Debug\moc_ImageManager.cpp">
      <Filter>Generated Files\Debug</Filter>
    </ClCompile>
    <ClCompile Include="Release\moc_ImageManager.cpp">
      <Filter>Generated Files\Release</Filter>
    </ClCompile>
    <ClCompile Include="Debug\moc_ImageMask.cpp">
      <Filter>Generated Files\Debug</Filter>
    </ClCompile>
    <ClCompile Include="Release\moc_ImageMask.cpp">
      <Filter>Generated Files\Release</Filter>
    </ClCompile>
    <ClCompile Include="Debug\moc_ImageTool.cpp">
      <Filter>Generated Files\Debug</Filter>
    </ClCompile>
    <ClCompile Include="Release\moc_ImageTool.cpp">
      <Filter>Generated Files\Release</Filter>
    </ClCompile>
    <ClCompile Include="Debug\moc_IntensityColouring.cpp">
      <Filter>Generated Files\Debug</Filter>
    </ClCompile>
    <ClCompile Include="Release\moc_IntensityColouring.cpp">
      <Filter>Generated Files\Release</Filter>
    </ClCompile>
    <ClCompile Include="Debug\moc_LogTransformation.cpp">
      <Filter>Generated Files\Debug</Filter>
    </ClCompile>
    <ClCompile Include="Release\moc_LogTransformation.cpp">
      <Filter>Generated Files\Release</Filter>
    </ClCompile>
    <ClCompile Include="Debug\moc_Morphology.cpp">
      <Filter>Generated Files\Debug</Filter>
    </ClCompile>
    <ClCompile Include="Release\moc_Morphology.cpp">
      <Filter>Generated Files\Release</Filter>
    </ClCompile>
    <ClCompile Include="Debug\moc_Multiresolution.cpp">
      <Filter>Generated Files\Debug</Filter>
    </ClCompile>
    <ClCompile Include="Release\moc_Multiresolution.cpp">
      <Filter>Generated Files\Release</Filter>
    </ClCompile>
    <ClCompile Include="Debug\moc_PowerLawTransformation.cpp">
      <Filter>Generated Files\Debug</Filter>
    </ClCompile>
    <ClCompile Include="Release\moc_PowerLawTransformation.cpp">
      <Filter>Generated Files\Release</Filter>
    </ClCompile>
    <ClCompile Include="Debug\moc_SaturationCorrection.cpp">
      <Filter>Generated Files\Debug</Filter>
    </ClCompile>
    <ClCompile Include="Release\moc_SaturationCorrection.cpp">
      <Filter>Generated Files\Release</Filter>
    </ClCompile>
    <ClCompile Include="Debug\moc_Segmentation.cpp">
      <Filter>Generated Files\Debug</Filter>
    </ClCompile>
    <ClCompile Include="Release\moc_Segmentation.cpp">
      <Filter>Generated Files\Release</Filter>
    </ClCompile>
    <ClCompile Include="Debug\moc_Slipper.cpp">
      <Filter>Generated Files\Debug</Filter>
    </ClCompile>
    <ClCompile Include="Release\moc_Slipper.cpp">
      <Filter>Generated Files\Release</Filter>
    </ClCompile>
    <ClCompile Include="Debug\moc_StructureElements.cpp">
      <Filter>Generated Files\Debug</Filter>
    </ClCompile>
    <ClCompile Include="Release\moc_StructureElements.cpp">
      <Filter>Generated Files\Release</Filter>
    </ClCompile>
    <ClCompile Include="Debug\moc_TonalCorrection.cpp">
      <Filter>Generated Files\Debug</Filter>
    </ClCompile>
    <ClCompile Include="Release\moc_TonalCorrection.cpp">
      <Filter>Generated Files\Release</Filter>
    </ClCompile>
    <ClCompile Include="Debug\moc_photoplugin.cpp">
      <Filter>Generated Files\Debug</Filter>
    </ClCompile>
    <ClCompile Include="Release\moc_photoplugin.cpp">
      <Filter>Generated Files\Release</Filter>
    </ClCompile>
  </ItemGroup>
  <ItemGroup>
    <CustomBuild Include="quickitems\categories\color\Color.h">
      <Filter>Header Files</Filter>
    </CustomBuild>
    <CustomBuild Include="quickitems\categories\enhancement\ContrastStretching.h">
      <Filter>Header Files</Filter>
    </CustomBuild>
    <CustomBuild Include="quickitems\controls\Curve.h">
      <Filter>Header Files</Filter>
    </CustomBuild>
    <ClInclude Include="quickitems\controls\CurveFunc.h">
      <Filter>Header Files</Filter>
    </ClInclude>
    <CustomBuild Include="quickitems\categories\Description.h">
      <Filter>Header Files</Filter>
    </CustomBuild>
    <CustomBuild Include="quickitems\categories\enhancement\Enhancement.h">
      <Filter>Header Files</Filter>
    </CustomBuild>
    <CustomBuild Include="quickitems\ExceptionHandler.h">
      <Filter>Header Files</Filter>
    </CustomBuild>
    <CustomBuild Include="quickitems\controls\FileSaveDialog.h">
      <Filter>Header Files</Filter>
    </CustomBuild>
    <CustomBuild Include="quickitems\categories\Filters.h">
      <Filter>Header Files</Filter>
    </CustomBuild>
    <CustomBuild Include="quickitems\categories\Genius.h">
      <Filter>Header Files</Filter>
    </CustomBuild>
    <CustomBuild Include="quickitems\controls\Histogram.h">
      <Filter>Header Files</Filter>
    </CustomBuild>
    <CustomBuild Include="quickitems\categories\enhancement\HistogramMatching.h">
      <Filter>Header Files</Filter>
    </CustomBuild>
    <CustomBuild Include="quickitems\controls\ImageCurve.h">
      <Filter>Header Files</Filter>
    </CustomBuild>
    <CustomBuild Include="quickitems\ImageManager.h">
      <Filter>Header Files</Filter>
    </CustomBuild>
    <CustomBuild Include="quickitems\controls\ImageMask.h">
      <Filter>Header Files</Filter>
    </CustomBuild>
    <ClInclude Include="quickitems\ImageProccessor.h">
      <Filter>Header Files</Filter>
    </ClInclude>
    <ClInclude Include="quickitems\ImageProvider.h">
      <Filter>Header Files</Filter>
    </ClInclude>
    <CustomBuild Include="quickitems\categories\ImageTool.h">
      <Filter>Header Files</Filter>
    </CustomBuild>
    <CustomBuild Include="quickitems\categories\color\IntensityColouring.h">
      <Filter>Header Files</Filter>
    </CustomBuild>
    <CustomBuild Include="quickitems\categories\enhancement\LogTransformation.h">
      <Filter>Header Files</Filter>
    </CustomBuild>
    <CustomBuild Include="quickitems\categories\Morphology.h">
      <Filter>Header Files</Filter>
    </CustomBuild>
    <CustomBuild Include="quickitems\categories\Multiresolution.h">
      <Filter>Header Files</Filter>
    </CustomBuild>
    <CustomBuild Include="quickitems\categories\enhancement\PowerLawTransformation.h">
      <Filter>Header Files</Filter>
    </CustomBuild>
    <CustomBuild Include="quickitems\categories\color\SaturationCorrection.h">
      <Filter>Header Files</Filter>
    </CustomBuild>
    <CustomBuild Include="quickitems\categories\Segmentation.h">
      <Filter>Header Files</Filter>
    </CustomBuild>
    <CustomBuild Include="quickitems\controls\Slipper.h">
      <Filter>Header Files</Filter>
    </CustomBuild>
    <CustomBuild Include="quickitems\controls\StructureElements.h">
      <Filter>Header Files</Filter>
    </CustomBuild>
    <CustomBuild Include="quickitems\categories\color\TonalCorrection.h">
      <Filter>Header Files</Filter>
    </CustomBuild>
    <ClInclude Include="image.h">
      <Filter>Header Files</Filter>
    </ClInclude>
    <CustomBuild Include="quickitems\photoplugin.h">
      <Filter>Header Files</Filter>
    </CustomBuild>
  </ItemGroup>
</Project>